
Microsoft Visual Studio Solution File, Format Version 12.00
# Visual Studio Version 17
VisualStudioVersion = 17.3.32929.385
MinimumVisualStudioVersion = 10.0.40219.1
Project("{9A19103F-16F7-4668-BE54-9A1E7A4F7556}") = "LotoPrize", "TesteDeNumeros\LotoPrize.csproj", "{84689157-0FE3-47C7-9175-A6C60F7C7986}"
EndProject
Global
	GlobalSection(SolutionConfigurationPlatforms) = preSolution
		Debug|Any CPU = Debug|Any CPU
		Release|Any CPU = Release|Any CPU
	EndGlobalSection
	GlobalSection(ProjectConfigurationPlatforms) = postSolution
		{84689157-0FE3-47C7-9175-A6C60F7C7986}.Debug|Any CPU.ActiveCfg = Debug|Any CPU
		{84689157-0FE3-47C7-9175-A6C60F7C7986}.Debug|Any CPU.Build.0 = Debug|Any CPU
		{84689157-0FE3-47C7-9175-A6C60F7C7986}.Release|Any CPU.ActiveCfg = Release|Any CPU
		{84689157-0FE3-47C7-9175-A6C60F7C7986}.Release|Any CPU.Build.0 = Release|Any CPU
	EndGlobalSection
	GlobalSection(SolutionProperties) = preSolution
		HideSolutionNode = FALSE
	EndGlobalSection
	GlobalSection(ExtensibilityGlobals) = postSolution
		SolutionGuid = {D282D1E1-E711-4201-B174-9678A81C1EF9}
	EndGlobalSection
EndGlobal
